// !$*UTF8*$!
{
	archiveVersion = 1;
	classes = {
	};
	objectVersion = 46;
	objects = {

/* Begin PBXBuildFile section */
		001196E819A41D6C002D2757 /* CreateGroupViewController.m in Sources */ = {isa = PBXBuildFile; fileRef = 001196E719A41D6C002D2757 /* CreateGroupViewController.m */; };
		001196F119A666C1002D2757 /* SearchGroupsViewController.m in Sources */ = {isa = PBXBuildFile; fileRef = 001196F019A666C1002D2757 /* SearchGroupsViewController.m */; };
		00296BD619EFA5BF003ADA30 /* APAddress.m in Sources */ = {isa = PBXBuildFile; fileRef = 00296BCA19EFA5BF003ADA30 /* APAddress.m */; };
		00296BD719EFA5BF003ADA30 /* APAddressBook.m in Sources */ = {isa = PBXBuildFile; fileRef = 00296BCC19EFA5BF003ADA30 /* APAddressBook.m */; };
		00296BD819EFA5BF003ADA30 /* APContact.m in Sources */ = {isa = PBXBuildFile; fileRef = 00296BCE19EFA5BF003ADA30 /* APContact.m */; };
		00296BD919EFA5BF003ADA30 /* APPhoneWithLabel.m in Sources */ = {isa = PBXBuildFile; fileRef = 00296BD019EFA5BF003ADA30 /* APPhoneWithLabel.m */; };
		00296BDA19EFA5BF003ADA30 /* APSocialProfile.m in Sources */ = {isa = PBXBuildFile; fileRef = 00296BD219EFA5BF003ADA30 /* APSocialProfile.m */; };
		0060FE451A0ECB2C00525A50 /* Bolts.framework in Frameworks */ = {isa = PBXBuildFile; fileRef = 0060FE411A0ECB2C00525A50 /* Bolts.framework */; };
		0060FE461A0ECB2C00525A50 /* Parse.framework in Frameworks */ = {isa = PBXBuildFile; fileRef = 0060FE421A0ECB2C00525A50 /* Parse.framework */; };
		0060FE471A0ECB2C00525A50 /* ParseFacebookUtils.framework in Frameworks */ = {isa = PBXBuildFile; fileRef = 0060FE431A0ECB2C00525A50 /* ParseFacebookUtils.framework */; };
		0060FE481A0ECB2C00525A50 /* ParseUI.framework in Frameworks */ = {isa = PBXBuildFile; fileRef = 0060FE441A0ECB2C00525A50 /* ParseUI.framework */; };
		007BA3C21A6C9BE400BF08DE /* Podfile in Resources */ = {isa = PBXBuildFile; fileRef = 007BA3C11A6C9BE400BF08DE /* Podfile */; };
		007BA3EB1A6C9CE100BF08DE /* FUIAlertView.m in Sources */ = {isa = PBXBuildFile; fileRef = 007BA3C61A6C9CE100BF08DE /* FUIAlertView.m */; };
		007BA3EC1A6C9CE100BF08DE /* FUIButton.m in Sources */ = {isa = PBXBuildFile; fileRef = 007BA3C81A6C9CE100BF08DE /* FUIButton.m */; };
		007BA3ED1A6C9CE100BF08DE /* FUICellBackgroundView.m in Sources */ = {isa = PBXBuildFile; fileRef = 007BA3CA1A6C9CE100BF08DE /* FUICellBackgroundView.m */; };
		007BA3EE1A6C9CE100BF08DE /* FUIPopoverBackgroundView.m in Sources */ = {isa = PBXBuildFile; fileRef = 007BA3CC1A6C9CE100BF08DE /* FUIPopoverBackgroundView.m */; };
		007BA3EF1A6C9CE100BF08DE /* FUISegmentedControl.m in Sources */ = {isa = PBXBuildFile; fileRef = 007BA3CE1A6C9CE100BF08DE /* FUISegmentedControl.m */; };
		007BA3F01A6C9CE100BF08DE /* FUISwitch.m in Sources */ = {isa = PBXBuildFile; fileRef = 007BA3D01A6C9CE100BF08DE /* FUISwitch.m */; };
		007BA3F11A6C9CE100BF08DE /* FUITextField.m in Sources */ = {isa = PBXBuildFile; fileRef = 007BA3D21A6C9CE100BF08DE /* FUITextField.m */; };
		007BA3F21A6C9CE100BF08DE /* UIBarButtonItem+FlatUI.m in Sources */ = {isa = PBXBuildFile; fileRef = 007BA3D41A6C9CE100BF08DE /* UIBarButtonItem+FlatUI.m */; };
		007BA3F31A6C9CE100BF08DE /* UIColor+FlatUI.m in Sources */ = {isa = PBXBuildFile; fileRef = 007BA3D61A6C9CE100BF08DE /* UIColor+FlatUI.m */; };
		007BA3F41A6C9CE100BF08DE /* UIFont+FlatUI.m in Sources */ = {isa = PBXBuildFile; fileRef = 007BA3D81A6C9CE100BF08DE /* UIFont+FlatUI.m */; };
		007BA3F51A6C9CE100BF08DE /* UIImage+FlatUI.m in Sources */ = {isa = PBXBuildFile; fileRef = 007BA3DA1A6C9CE100BF08DE /* UIImage+FlatUI.m */; };
		007BA3F61A6C9CE100BF08DE /* UINavigationBar+FlatUI.m in Sources */ = {isa = PBXBuildFile; fileRef = 007BA3DC1A6C9CE100BF08DE /* UINavigationBar+FlatUI.m */; };
		007BA3F71A6C9CE100BF08DE /* UIPopoverController+FlatUI.m in Sources */ = {isa = PBXBuildFile; fileRef = 007BA3DE1A6C9CE100BF08DE /* UIPopoverController+FlatUI.m */; };
		007BA3F81A6C9CE100BF08DE /* UIProgressView+FlatUI.m in Sources */ = {isa = PBXBuildFile; fileRef = 007BA3E01A6C9CE100BF08DE /* UIProgressView+FlatUI.m */; };
		007BA3F91A6C9CE100BF08DE /* UISlider+FlatUI.m in Sources */ = {isa = PBXBuildFile; fileRef = 007BA3E21A6C9CE100BF08DE /* UISlider+FlatUI.m */; };
		007BA3FA1A6C9CE100BF08DE /* UIStepper+FlatUI.m in Sources */ = {isa = PBXBuildFile; fileRef = 007BA3E41A6C9CE100BF08DE /* UIStepper+FlatUI.m */; };
		007BA3FB1A6C9CE100BF08DE /* UITabBar+FlatUI.m in Sources */ = {isa = PBXBuildFile; fileRef = 007BA3E61A6C9CE100BF08DE /* UITabBar+FlatUI.m */; };
		007BA3FC1A6C9CE100BF08DE /* UITableViewCell+FlatUI.m in Sources */ = {isa = PBXBuildFile; fileRef = 007BA3E81A6C9CE100BF08DE /* UITableViewCell+FlatUI.m */; };
		007BA3FD1A6C9CE100BF08DE /* UIToolbar+FlatUI.m in Sources */ = {isa = PBXBuildFile; fileRef = 007BA3EA1A6C9CE100BF08DE /* UIToolbar+FlatUI.m */; };
		007BA4031A6CD56D00BF08DE /* GroupsPlusViewController.m in Sources */ = {isa = PBXBuildFile; fileRef = 007BA4021A6CD56D00BF08DE /* GroupsPlusViewController.m */; };
		007BA4091A6CDF7500BF08DE /* TPKeyboardAvoidingScrollView.m in Sources */ = {isa = PBXBuildFile; fileRef = 007BA4061A6CDF7500BF08DE /* TPKeyboardAvoidingScrollView.m */; };
		007BA40A1A6CDF7500BF08DE /* UIScrollView+TPKeyboardAvoidingAdditions.m in Sources */ = {isa = PBXBuildFile; fileRef = 007BA4081A6CDF7500BF08DE /* UIScrollView+TPKeyboardAvoidingAdditions.m */; };
		0090ECB01A6B59CA009DB11D /* NewMessageViewController.m in Sources */ = {isa = PBXBuildFile; fileRef = 0090ECAF1A6B59CA009DB11D /* NewMessageViewController.m */; };
		0090ECB31A6B6624009DB11D /* AddGroupsTableViewController.m in Sources */ = {isa = PBXBuildFile; fileRef = 0090ECB21A6B6623009DB11D /* AddGroupsTableViewController.m */; };
		0090ECB61A6BA251009DB11D /* Definitions.m in Sources */ = {isa = PBXBuildFile; fileRef = 0090ECB51A6BA251009DB11D /* Definitions.m */; };
		0090ECC81A6C5322009DB11D /* FriendsTableViewController.m in Sources */ = {isa = PBXBuildFile; fileRef = 0090ECC31A6C5322009DB11D /* FriendsTableViewController.m */; };
		0090ECC91A6C5322009DB11D /* SearchFriendsViewController.m in Sources */ = {isa = PBXBuildFile; fileRef = 0090ECC51A6C5322009DB11D /* SearchFriendsViewController.m */; };
		0090ECCA1A6C5322009DB11D /* SettingsViewController.m in Sources */ = {isa = PBXBuildFile; fileRef = 0090ECC71A6C5322009DB11D /* SettingsViewController.m */; };
		00A9C30E1999838200F89967 /* GroupsTableViewController.m in Sources */ = {isa = PBXBuildFile; fileRef = 00A9C30D1999838200F89967 /* GroupsTableViewController.m */; };
		00CEE3D2199434E700F40C12 /* Foundation.framework in Frameworks */ = {isa = PBXBuildFile; fileRef = 00CEE3D1199434E700F40C12 /* Foundation.framework */; };
		00CEE3D4199434E700F40C12 /* CoreGraphics.framework in Frameworks */ = {isa = PBXBuildFile; fileRef = 00CEE3D3199434E700F40C12 /* CoreGraphics.framework */; };
		00CEE3D6199434E700F40C12 /* UIKit.framework in Frameworks */ = {isa = PBXBuildFile; fileRef = 00CEE3D5199434E700F40C12 /* UIKit.framework */; };
		00CEE3D8199434E700F40C12 /* CoreData.framework in Frameworks */ = {isa = PBXBuildFile; fileRef = 00CEE3D7199434E700F40C12 /* CoreData.framework */; };
		00CEE3DE199434E700F40C12 /* InfoPlist.strings in Resources */ = {isa = PBXBuildFile; fileRef = 00CEE3DC199434E700F40C12 /* InfoPlist.strings */; };
		00CEE3E0199434E700F40C12 /* main.m in Sources */ = {isa = PBXBuildFile; fileRef = 00CEE3DF199434E700F40C12 /* main.m */; };
		00CEE3E4199434E700F40C12 /* AppDelegate.m in Sources */ = {isa = PBXBuildFile; fileRef = 00CEE3E3199434E700F40C12 /* AppDelegate.m */; };
		00CEE3E7199434E700F40C12 /* hobble_1_1.xcdatamodeld in Sources */ = {isa = PBXBuildFile; fileRef = 00CEE3E5199434E700F40C12 /* hobble_1_1.xcdatamodeld */; };
		00CEE3E9199434E700F40C12 /* Images.xcassets in Resources */ = {isa = PBXBuildFile; fileRef = 00CEE3E8199434E700F40C12 /* Images.xcassets */; };
		00CEE3F1199434E700F40C12 /* Foundation.framework in Frameworks */ = {isa = PBXBuildFile; fileRef = 00CEE3D1199434E700F40C12 /* Foundation.framework */; };
		00CEE3F2199434E700F40C12 /* UIKit.framework in Frameworks */ = {isa = PBXBuildFile; fileRef = 00CEE3D5199434E700F40C12 /* UIKit.framework */; };
		00CEE3F3199434E700F40C12 /* CoreData.framework in Frameworks */ = {isa = PBXBuildFile; fileRef = 00CEE3D7199434E700F40C12 /* CoreData.framework */; };
		00CEE3FB199434E700F40C12 /* InfoPlist.strings in Resources */ = {isa = PBXBuildFile; fileRef = 00CEE3F9199434E700F40C12 /* InfoPlist.strings */; };
		00CEE3FD199434E700F40C12 /* hobble_1_1Tests.m in Sources */ = {isa = PBXBuildFile; fileRef = 00CEE3FC199434E700F40C12 /* hobble_1_1Tests.m */; };
		00CEE4071994350300F40C12 /* MainStoryboard.storyboard in Resources */ = {isa = PBXBuildFile; fileRef = 00CEE4061994350300F40C12 /* MainStoryboard.storyboard */; };
		00CEE40E199436D700F40C12 /* LoginViewController.m in Sources */ = {isa = PBXBuildFile; fileRef = 00CEE40D199436D700F40C12 /* LoginViewController.m */; };
		00CEE41119943AFC00F40C12 /* SignUpViewController.m in Sources */ = {isa = PBXBuildFile; fileRef = 00CEE41019943AFC00F40C12 /* SignUpViewController.m */; };
		00CEE413199448E900F40C12 /* AddressBook.framework in Frameworks */ = {isa = PBXBuildFile; fileRef = 00CEE412199448E900F40C12 /* AddressBook.framework */; };
		00CEE415199448F000F40C12 /* AddressBookUI.framework in Frameworks */ = {isa = PBXBuildFile; fileRef = 00CEE414199448F000F40C12 /* AddressBookUI.framework */; };
		00CEE4171994490100F40C12 /* CFNetwork.framework in Frameworks */ = {isa = PBXBuildFile; fileRef = 00CEE4161994490100F40C12 /* CFNetwork.framework */; };
		00CEE4191994490800F40C12 /* SystemConfiguration.framework in Frameworks */ = {isa = PBXBuildFile; fileRef = 00CEE4181994490800F40C12 /* SystemConfiguration.framework */; };
		00CEE41B1994490E00F40C12 /* MobileCoreServices.framework in Frameworks */ = {isa = PBXBuildFile; fileRef = 00CEE41A1994490E00F40C12 /* MobileCoreServices.framework */; };
		00CEE41D1994491400F40C12 /* AudioToolbox.framework in Frameworks */ = {isa = PBXBuildFile; fileRef = 00CEE41C1994491400F40C12 /* AudioToolbox.framework */; };
		00CEE41F1994491A00F40C12 /* Security.framework in Frameworks */ = {isa = PBXBuildFile; fileRef = 00CEE41E1994491A00F40C12 /* Security.framework */; };
		00CEE4211994492100F40C12 /* libz.1.1.3.dylib in Frameworks */ = {isa = PBXBuildFile; fileRef = 00CEE4201994492100F40C12 /* libz.1.1.3.dylib */; };
		00CEE4231994492700F40C12 /* QuartzCore.framework in Frameworks */ = {isa = PBXBuildFile; fileRef = 00CEE4221994492700F40C12 /* QuartzCore.framework */; };
		00CEE4251994493500F40C12 /* StoreKit.framework in Frameworks */ = {isa = PBXBuildFile; fileRef = 00CEE4241994493500F40C12 /* StoreKit.framework */; };
		00CEE4271994493A00F40C12 /* CoreLocation.framework in Frameworks */ = {isa = PBXBuildFile; fileRef = 00CEE4261994493A00F40C12 /* CoreLocation.framework */; };
		28F13A521A6C75A90069EBA4 /* MapKit.framework in Frameworks */ = {isa = PBXBuildFile; fileRef = 28F13A511A6C75A90069EBA4 /* MapKit.framework */; };
		28F13A5B1A6C7F7B0069EBA4 /* MapViewController.m in Sources */ = {isa = PBXBuildFile; fileRef = 28F13A5A1A6C7F7B0069EBA4 /* MapViewController.m */; };
/* End PBXBuildFile section */

/* Begin PBXContainerItemProxy section */
		00CEE3F4199434E700F40C12 /* PBXContainerItemProxy */ = {
			isa = PBXContainerItemProxy;
			containerPortal = 00CEE3C6199434E700F40C12 /* Project object */;
			proxyType = 1;
			remoteGlobalIDString = 00CEE3CD199434E700F40C12;
			remoteInfo = hobble.1.1;
		};
/* End PBXContainerItemProxy section */

/* Begin PBXFileReference section */
		001196E619A41D6C002D2757 /* CreateGroupViewController.h */ = {isa = PBXFileReference; fileEncoding = 4; lastKnownFileType = sourcecode.c.h; path = CreateGroupViewController.h; sourceTree = "<group>"; };
		001196E719A41D6C002D2757 /* CreateGroupViewController.m */ = {isa = PBXFileReference; fileEncoding = 4; lastKnownFileType = sourcecode.c.objc; path = CreateGroupViewController.m; sourceTree = "<group>"; };
		001196EF19A666C1002D2757 /* SearchGroupsViewController.h */ = {isa = PBXFileReference; fileEncoding = 4; lastKnownFileType = sourcecode.c.h; path = SearchGroupsViewController.h; sourceTree = "<group>"; };
		001196F019A666C1002D2757 /* SearchGroupsViewController.m */ = {isa = PBXFileReference; fileEncoding = 4; lastKnownFileType = sourcecode.c.objc; path = SearchGroupsViewController.m; sourceTree = "<group>"; };
		00296BC919EFA5BF003ADA30 /* APAddress.h */ = {isa = PBXFileReference; fileEncoding = 4; lastKnownFileType = sourcecode.c.h; path = APAddress.h; sourceTree = "<group>"; };
		00296BCA19EFA5BF003ADA30 /* APAddress.m */ = {isa = PBXFileReference; fileEncoding = 4; lastKnownFileType = sourcecode.c.objc; path = APAddress.m; sourceTree = "<group>"; };
		00296BCB19EFA5BF003ADA30 /* APAddressBook.h */ = {isa = PBXFileReference; fileEncoding = 4; lastKnownFileType = sourcecode.c.h; path = APAddressBook.h; sourceTree = "<group>"; };
		00296BCC19EFA5BF003ADA30 /* APAddressBook.m */ = {isa = PBXFileReference; fileEncoding = 4; lastKnownFileType = sourcecode.c.objc; path = APAddressBook.m; sourceTree = "<group>"; };
		00296BCD19EFA5BF003ADA30 /* APContact.h */ = {isa = PBXFileReference; fileEncoding = 4; lastKnownFileType = sourcecode.c.h; path = APContact.h; sourceTree = "<group>"; };
		00296BCE19EFA5BF003ADA30 /* APContact.m */ = {isa = PBXFileReference; fileEncoding = 4; lastKnownFileType = sourcecode.c.objc; path = APContact.m; sourceTree = "<group>"; };
		00296BCF19EFA5BF003ADA30 /* APPhoneWithLabel.h */ = {isa = PBXFileReference; fileEncoding = 4; lastKnownFileType = sourcecode.c.h; path = APPhoneWithLabel.h; sourceTree = "<group>"; };
		00296BD019EFA5BF003ADA30 /* APPhoneWithLabel.m */ = {isa = PBXFileReference; fileEncoding = 4; lastKnownFileType = sourcecode.c.objc; path = APPhoneWithLabel.m; sourceTree = "<group>"; };
		00296BD119EFA5BF003ADA30 /* APSocialProfile.h */ = {isa = PBXFileReference; fileEncoding = 4; lastKnownFileType = sourcecode.c.h; path = APSocialProfile.h; sourceTree = "<group>"; };
		00296BD219EFA5BF003ADA30 /* APSocialProfile.m */ = {isa = PBXFileReference; fileEncoding = 4; lastKnownFileType = sourcecode.c.objc; path = APSocialProfile.m; sourceTree = "<group>"; };
		00296BD319EFA5BF003ADA30 /* APTypes.h */ = {isa = PBXFileReference; fileEncoding = 4; lastKnownFileType = sourcecode.c.h; path = APTypes.h; sourceTree = "<group>"; };
		00296BD519EFA5BF003ADA30 /* APAddressBook-Bridging.h */ = {isa = PBXFileReference; fileEncoding = 4; lastKnownFileType = sourcecode.c.h; path = "APAddressBook-Bridging.h"; sourceTree = "<group>"; };
		0060FE411A0ECB2C00525A50 /* Bolts.framework */ = {isa = PBXFileReference; lastKnownFileType = wrapper.framework; path = Bolts.framework; sourceTree = "<group>"; };
		0060FE421A0ECB2C00525A50 /* Parse.framework */ = {isa = PBXFileReference; lastKnownFileType = wrapper.framework; path = Parse.framework; sourceTree = "<group>"; };
		0060FE431A0ECB2C00525A50 /* ParseFacebookUtils.framework */ = {isa = PBXFileReference; lastKnownFileType = wrapper.framework; path = ParseFacebookUtils.framework; sourceTree = "<group>"; };
		0060FE441A0ECB2C00525A50 /* ParseUI.framework */ = {isa = PBXFileReference; lastKnownFileType = wrapper.framework; path = ParseUI.framework; sourceTree = "<group>"; };
		007BA3C11A6C9BE400BF08DE /* Podfile */ = {isa = PBXFileReference; fileEncoding = 4; lastKnownFileType = text; name = Podfile; path = "Objective-C/Podfile"; sourceTree = "<group>"; };
		007BA3C41A6C9CE100BF08DE /* FlatUIKit.h */ = {isa = PBXFileReference; fileEncoding = 4; lastKnownFileType = sourcecode.c.h; path = FlatUIKit.h; sourceTree = "<group>"; };
		007BA3C51A6C9CE100BF08DE /* FUIAlertView.h */ = {isa = PBXFileReference; fileEncoding = 4; lastKnownFileType = sourcecode.c.h; path = FUIAlertView.h; sourceTree = "<group>"; };
		007BA3C61A6C9CE100BF08DE /* FUIAlertView.m */ = {isa = PBXFileReference; fileEncoding = 4; lastKnownFileType = sourcecode.c.objc; path = FUIAlertView.m; sourceTree = "<group>"; };
		007BA3C71A6C9CE100BF08DE /* FUIButton.h */ = {isa = PBXFileReference; fileEncoding = 4; lastKnownFileType = sourcecode.c.h; path = FUIButton.h; sourceTree = "<group>"; };
		007BA3C81A6C9CE100BF08DE /* FUIButton.m */ = {isa = PBXFileReference; fileEncoding = 4; lastKnownFileType = sourcecode.c.objc; path = FUIButton.m; sourceTree = "<group>"; };
		007BA3C91A6C9CE100BF08DE /* FUICellBackgroundView.h */ = {isa = PBXFileReference; fileEncoding = 4; lastKnownFileType = sourcecode.c.h; path = FUICellBackgroundView.h; sourceTree = "<group>"; };
		007BA3CA1A6C9CE100BF08DE /* FUICellBackgroundView.m */ = {isa = PBXFileReference; fileEncoding = 4; lastKnownFileType = sourcecode.c.objc; path = FUICellBackgroundView.m; sourceTree = "<group>"; };
		007BA3CB1A6C9CE100BF08DE /* FUIPopoverBackgroundView.h */ = {isa = PBXFileReference; fileEncoding = 4; lastKnownFileType = sourcecode.c.h; path = FUIPopoverBackgroundView.h; sourceTree = "<group>"; };
		007BA3CC1A6C9CE100BF08DE /* FUIPopoverBackgroundView.m */ = {isa = PBXFileReference; fileEncoding = 4; lastKnownFileType = sourcecode.c.objc; path = FUIPopoverBackgroundView.m; sourceTree = "<group>"; };
		007BA3CD1A6C9CE100BF08DE /* FUISegmentedControl.h */ = {isa = PBXFileReference; fileEncoding = 4; lastKnownFileType = sourcecode.c.h; path = FUISegmentedControl.h; sourceTree = "<group>"; };
		007BA3CE1A6C9CE100BF08DE /* FUISegmentedControl.m */ = {isa = PBXFileReference; fileEncoding = 4; lastKnownFileType = sourcecode.c.objc; path = FUISegmentedControl.m; sourceTree = "<group>"; };
		007BA3CF1A6C9CE100BF08DE /* FUISwitch.h */ = {isa = PBXFileReference; fileEncoding = 4; lastKnownFileType = sourcecode.c.h; path = FUISwitch.h; sourceTree = "<group>"; };
		007BA3D01A6C9CE100BF08DE /* FUISwitch.m */ = {isa = PBXFileReference; fileEncoding = 4; lastKnownFileType = sourcecode.c.objc; path = FUISwitch.m; sourceTree = "<group>"; };
		007BA3D11A6C9CE100BF08DE /* FUITextField.h */ = {isa = PBXFileReference; fileEncoding = 4; lastKnownFileType = sourcecode.c.h; path = FUITextField.h; sourceTree = "<group>"; };
		007BA3D21A6C9CE100BF08DE /* FUITextField.m */ = {isa = PBXFileReference; fileEncoding = 4; lastKnownFileType = sourcecode.c.objc; path = FUITextField.m; sourceTree = "<group>"; };
		007BA3D31A6C9CE100BF08DE /* UIBarButtonItem+FlatUI.h */ = {isa = PBXFileReference; fileEncoding = 4; lastKnownFileType = sourcecode.c.h; path = "UIBarButtonItem+FlatUI.h"; sourceTree = "<group>"; };
		007BA3D41A6C9CE100BF08DE /* UIBarButtonItem+FlatUI.m */ = {isa = PBXFileReference; fileEncoding = 4; lastKnownFileType = sourcecode.c.objc; path = "UIBarButtonItem+FlatUI.m"; sourceTree = "<group>"; };
		007BA3D51A6C9CE100BF08DE /* UIColor+FlatUI.h */ = {isa = PBXFileReference; fileEncoding = 4; lastKnownFileType = sourcecode.c.h; path = "UIColor+FlatUI.h"; sourceTree = "<group>"; };
		007BA3D61A6C9CE100BF08DE /* UIColor+FlatUI.m */ = {isa = PBXFileReference; fileEncoding = 4; lastKnownFileType = sourcecode.c.objc; path = "UIColor+FlatUI.m"; sourceTree = "<group>"; };
		007BA3D71A6C9CE100BF08DE /* UIFont+FlatUI.h */ = {isa = PBXFileReference; fileEncoding = 4; lastKnownFileType = sourcecode.c.h; path = "UIFont+FlatUI.h"; sourceTree = "<group>"; };
		007BA3D81A6C9CE100BF08DE /* UIFont+FlatUI.m */ = {isa = PBXFileReference; fileEncoding = 4; lastKnownFileType = sourcecode.c.objc; path = "UIFont+FlatUI.m"; sourceTree = "<group>"; };
		007BA3D91A6C9CE100BF08DE /* UIImage+FlatUI.h */ = {isa = PBXFileReference; fileEncoding = 4; lastKnownFileType = sourcecode.c.h; path = "UIImage+FlatUI.h"; sourceTree = "<group>"; };
		007BA3DA1A6C9CE100BF08DE /* UIImage+FlatUI.m */ = {isa = PBXFileReference; fileEncoding = 4; lastKnownFileType = sourcecode.c.objc; path = "UIImage+FlatUI.m"; sourceTree = "<group>"; };
		007BA3DB1A6C9CE100BF08DE /* UINavigationBar+FlatUI.h */ = {isa = PBXFileReference; fileEncoding = 4; lastKnownFileType = sourcecode.c.h; path = "UINavigationBar+FlatUI.h"; sourceTree = "<group>"; };
		007BA3DC1A6C9CE100BF08DE /* UINavigationBar+FlatUI.m */ = {isa = PBXFileReference; fileEncoding = 4; lastKnownFileType = sourcecode.c.objc; path = "UINavigationBar+FlatUI.m"; sourceTree = "<group>"; };
		007BA3DD1A6C9CE100BF08DE /* UIPopoverController+FlatUI.h */ = {isa = PBXFileReference; fileEncoding = 4; lastKnownFileType = sourcecode.c.h; path = "UIPopoverController+FlatUI.h"; sourceTree = "<group>"; };
		007BA3DE1A6C9CE100BF08DE /* UIPopoverController+FlatUI.m */ = {isa = PBXFileReference; fileEncoding = 4; lastKnownFileType = sourcecode.c.objc; path = "UIPopoverController+FlatUI.m"; sourceTree = "<group>"; };
		007BA3DF1A6C9CE100BF08DE /* UIProgressView+FlatUI.h */ = {isa = PBXFileReference; fileEncoding = 4; lastKnownFileType = sourcecode.c.h; path = "UIProgressView+FlatUI.h"; sourceTree = "<group>"; };
		007BA3E01A6C9CE100BF08DE /* UIProgressView+FlatUI.m */ = {isa = PBXFileReference; fileEncoding = 4; lastKnownFileType = sourcecode.c.objc; path = "UIProgressView+FlatUI.m"; sourceTree = "<group>"; };
		007BA3E11A6C9CE100BF08DE /* UISlider+FlatUI.h */ = {isa = PBXFileReference; fileEncoding = 4; lastKnownFileType = sourcecode.c.h; path = "UISlider+FlatUI.h"; sourceTree = "<group>"; };
		007BA3E21A6C9CE100BF08DE /* UISlider+FlatUI.m */ = {isa = PBXFileReference; fileEncoding = 4; lastKnownFileType = sourcecode.c.objc; path = "UISlider+FlatUI.m"; sourceTree = "<group>"; };
		007BA3E31A6C9CE100BF08DE /* UIStepper+FlatUI.h */ = {isa = PBXFileReference; fileEncoding = 4; lastKnownFileType = sourcecode.c.h; path = "UIStepper+FlatUI.h"; sourceTree = "<group>"; };
		007BA3E41A6C9CE100BF08DE /* UIStepper+FlatUI.m */ = {isa = PBXFileReference; fileEncoding = 4; lastKnownFileType = sourcecode.c.objc; path = "UIStepper+FlatUI.m"; sourceTree = "<group>"; };
		007BA3E51A6C9CE100BF08DE /* UITabBar+FlatUI.h */ = {isa = PBXFileReference; fileEncoding = 4; lastKnownFileType = sourcecode.c.h; path = "UITabBar+FlatUI.h"; sourceTree = "<group>"; };
		007BA3E61A6C9CE100BF08DE /* UITabBar+FlatUI.m */ = {isa = PBXFileReference; fileEncoding = 4; lastKnownFileType = sourcecode.c.objc; path = "UITabBar+FlatUI.m"; sourceTree = "<group>"; };
		007BA3E71A6C9CE100BF08DE /* UITableViewCell+FlatUI.h */ = {isa = PBXFileReference; fileEncoding = 4; lastKnownFileType = sourcecode.c.h; path = "UITableViewCell+FlatUI.h"; sourceTree = "<group>"; };
		007BA3E81A6C9CE100BF08DE /* UITableViewCell+FlatUI.m */ = {isa = PBXFileReference; fileEncoding = 4; lastKnownFileType = sourcecode.c.objc; path = "UITableViewCell+FlatUI.m"; sourceTree = "<group>"; };
		007BA3E91A6C9CE100BF08DE /* UIToolbar+FlatUI.h */ = {isa = PBXFileReference; fileEncoding = 4; lastKnownFileType = sourcecode.c.h; path = "UIToolbar+FlatUI.h"; sourceTree = "<group>"; };
		007BA3EA1A6C9CE100BF08DE /* UIToolbar+FlatUI.m */ = {isa = PBXFileReference; fileEncoding = 4; lastKnownFileType = sourcecode.c.objc; path = "UIToolbar+FlatUI.m"; sourceTree = "<group>"; };
		007BA4011A6CD56D00BF08DE /* GroupsPlusViewController.h */ = {isa = PBXFileReference; fileEncoding = 4; lastKnownFileType = sourcecode.c.h; path = GroupsPlusViewController.h; sourceTree = "<group>"; };
		007BA4021A6CD56D00BF08DE /* GroupsPlusViewController.m */ = {isa = PBXFileReference; fileEncoding = 4; lastKnownFileType = sourcecode.c.objc; path = GroupsPlusViewController.m; sourceTree = "<group>"; };
		007BA4051A6CDF7500BF08DE /* TPKeyboardAvoidingScrollView.h */ = {isa = PBXFileReference; fileEncoding = 4; lastKnownFileType = sourcecode.c.h; path = TPKeyboardAvoidingScrollView.h; sourceTree = "<group>"; };
		007BA4061A6CDF7500BF08DE /* TPKeyboardAvoidingScrollView.m */ = {isa = PBXFileReference; fileEncoding = 4; lastKnownFileType = sourcecode.c.objc; path = TPKeyboardAvoidingScrollView.m; sourceTree = "<group>"; };
		007BA4071A6CDF7500BF08DE /* UIScrollView+TPKeyboardAvoidingAdditions.h */ = {isa = PBXFileReference; fileEncoding = 4; lastKnownFileType = sourcecode.c.h; path = "UIScrollView+TPKeyboardAvoidingAdditions.h"; sourceTree = "<group>"; };
		007BA4081A6CDF7500BF08DE /* UIScrollView+TPKeyboardAvoidingAdditions.m */ = {isa = PBXFileReference; fileEncoding = 4; lastKnownFileType = sourcecode.c.objc; path = "UIScrollView+TPKeyboardAvoidingAdditions.m"; sourceTree = "<group>"; };
		0090ECAE1A6B59CA009DB11D /* NewMessageViewController.h */ = {isa = PBXFileReference; fileEncoding = 4; lastKnownFileType = sourcecode.c.h; path = NewMessageViewController.h; sourceTree = "<group>"; };
		0090ECAF1A6B59CA009DB11D /* NewMessageViewController.m */ = {isa = PBXFileReference; fileEncoding = 4; lastKnownFileType = sourcecode.c.objc; path = NewMessageViewController.m; sourceTree = "<group>"; };
		0090ECB11A6B6623009DB11D /* AddGroupsTableViewController.h */ = {isa = PBXFileReference; fileEncoding = 4; lastKnownFileType = sourcecode.c.h; name = AddGroupsTableViewController.h; path = ../AddGroupsTableViewController.h; sourceTree = "<group>"; };
		0090ECB21A6B6623009DB11D /* AddGroupsTableViewController.m */ = {isa = PBXFileReference; fileEncoding = 4; lastKnownFileType = sourcecode.c.objc; name = AddGroupsTableViewController.m; path = ../AddGroupsTableViewController.m; sourceTree = "<group>"; };
		0090ECB41A6BA251009DB11D /* Definitions.h */ = {isa = PBXFileReference; fileEncoding = 4; lastKnownFileType = sourcecode.c.h; path = Definitions.h; sourceTree = "<group>"; };
		0090ECB51A6BA251009DB11D /* Definitions.m */ = {isa = PBXFileReference; fileEncoding = 4; lastKnownFileType = sourcecode.c.objc; path = Definitions.m; sourceTree = "<group>"; };
		0090ECC21A6C5322009DB11D /* FriendsTableViewController.h */ = {isa = PBXFileReference; fileEncoding = 4; lastKnownFileType = sourcecode.c.h; path = FriendsTableViewController.h; sourceTree = "<group>"; };
		0090ECC31A6C5322009DB11D /* FriendsTableViewController.m */ = {isa = PBXFileReference; fileEncoding = 4; lastKnownFileType = sourcecode.c.objc; path = FriendsTableViewController.m; sourceTree = "<group>"; };
		0090ECC41A6C5322009DB11D /* SearchFriendsViewController.h */ = {isa = PBXFileReference; fileEncoding = 4; lastKnownFileType = sourcecode.c.h; path = SearchFriendsViewController.h; sourceTree = "<group>"; };
		0090ECC51A6C5322009DB11D /* SearchFriendsViewController.m */ = {isa = PBXFileReference; fileEncoding = 4; lastKnownFileType = sourcecode.c.objc; path = SearchFriendsViewController.m; sourceTree = "<group>"; };
		0090ECC61A6C5322009DB11D /* SettingsViewController.h */ = {isa = PBXFileReference; fileEncoding = 4; lastKnownFileType = sourcecode.c.h; path = SettingsViewController.h; sourceTree = "<group>"; };
		0090ECC71A6C5322009DB11D /* SettingsViewController.m */ = {isa = PBXFileReference; fileEncoding = 4; lastKnownFileType = sourcecode.c.objc; path = SettingsViewController.m; sourceTree = "<group>"; };
		00A9C30C1999838200F89967 /* GroupsTableViewController.h */ = {isa = PBXFileReference; fileEncoding = 4; lastKnownFileType = sourcecode.c.h; path = GroupsTableViewController.h; sourceTree = "<group>"; };
		00A9C30D1999838200F89967 /* GroupsTableViewController.m */ = {isa = PBXFileReference; fileEncoding = 4; lastKnownFileType = sourcecode.c.objc; path = GroupsTableViewController.m; sourceTree = "<group>"; };
		00CEE3CE199434E700F40C12 /* hobble.1.1.app */ = {isa = PBXFileReference; explicitFileType = wrapper.application; includeInIndex = 0; path = hobble.1.1.app; sourceTree = BUILT_PRODUCTS_DIR; };
		00CEE3D1199434E700F40C12 /* Foundation.framework */ = {isa = PBXFileReference; lastKnownFileType = wrapper.framework; name = Foundation.framework; path = System/Library/Frameworks/Foundation.framework; sourceTree = SDKROOT; };
		00CEE3D3199434E700F40C12 /* CoreGraphics.framework */ = {isa = PBXFileReference; lastKnownFileType = wrapper.framework; name = CoreGraphics.framework; path = System/Library/Frameworks/CoreGraphics.framework; sourceTree = SDKROOT; };
		00CEE3D5199434E700F40C12 /* UIKit.framework */ = {isa = PBXFileReference; lastKnownFileType = wrapper.framework; name = UIKit.framework; path = System/Library/Frameworks/UIKit.framework; sourceTree = SDKROOT; };
		00CEE3D7199434E700F40C12 /* CoreData.framework */ = {isa = PBXFileReference; lastKnownFileType = wrapper.framework; name = CoreData.framework; path = System/Library/Frameworks/CoreData.framework; sourceTree = SDKROOT; };
		00CEE3DB199434E700F40C12 /* hobble.1.1-Info.plist */ = {isa = PBXFileReference; lastKnownFileType = text.plist.xml; path = "hobble.1.1-Info.plist"; sourceTree = "<group>"; };
		00CEE3DD199434E700F40C12 /* en */ = {isa = PBXFileReference; lastKnownFileType = text.plist.strings; name = en; path = en.lproj/InfoPlist.strings; sourceTree = "<group>"; };
		00CEE3DF199434E700F40C12 /* main.m */ = {isa = PBXFileReference; lastKnownFileType = sourcecode.c.objc; path = main.m; sourceTree = "<group>"; };
		00CEE3E1199434E700F40C12 /* hobble.1.1-Prefix.pch */ = {isa = PBXFileReference; lastKnownFileType = sourcecode.c.h; path = "hobble.1.1-Prefix.pch"; sourceTree = "<group>"; };
		00CEE3E2199434E700F40C12 /* AppDelegate.h */ = {isa = PBXFileReference; lastKnownFileType = sourcecode.c.h; path = AppDelegate.h; sourceTree = "<group>"; };
		00CEE3E3199434E700F40C12 /* AppDelegate.m */ = {isa = PBXFileReference; lastKnownFileType = sourcecode.c.objc; path = AppDelegate.m; sourceTree = "<group>"; };
		00CEE3E6199434E700F40C12 /* hobble_1_1.xcdatamodel */ = {isa = PBXFileReference; lastKnownFileType = wrapper.xcdatamodel; path = hobble_1_1.xcdatamodel; sourceTree = "<group>"; };
		00CEE3E8199434E700F40C12 /* Images.xcassets */ = {isa = PBXFileReference; lastKnownFileType = folder.assetcatalog; path = Images.xcassets; sourceTree = "<group>"; };
		00CEE3EE199434E700F40C12 /* hobble.1.1Tests.xctest */ = {isa = PBXFileReference; explicitFileType = wrapper.cfbundle; includeInIndex = 0; path = hobble.1.1Tests.xctest; sourceTree = BUILT_PRODUCTS_DIR; };
		00CEE3F8199434E700F40C12 /* hobble.1.1Tests-Info.plist */ = {isa = PBXFileReference; lastKnownFileType = text.plist.xml; path = "hobble.1.1Tests-Info.plist"; sourceTree = "<group>"; };
		00CEE3FA199434E700F40C12 /* en */ = {isa = PBXFileReference; lastKnownFileType = text.plist.strings; name = en; path = en.lproj/InfoPlist.strings; sourceTree = "<group>"; };
		00CEE3FC199434E700F40C12 /* hobble_1_1Tests.m */ = {isa = PBXFileReference; lastKnownFileType = sourcecode.c.objc; path = hobble_1_1Tests.m; sourceTree = "<group>"; };
		00CEE4061994350300F40C12 /* MainStoryboard.storyboard */ = {isa = PBXFileReference; fileEncoding = 4; lastKnownFileType = file.storyboard; name = MainStoryboard.storyboard; path = hobble.1.1/MainStoryboard.storyboard; sourceTree = "<group>"; };
		00CEE40C199436D700F40C12 /* LoginViewController.h */ = {isa = PBXFileReference; fileEncoding = 4; lastKnownFileType = sourcecode.c.h; name = LoginViewController.h; path = ../LoginViewController.h; sourceTree = "<group>"; };
		00CEE40D199436D700F40C12 /* LoginViewController.m */ = {isa = PBXFileReference; fileEncoding = 4; lastKnownFileType = sourcecode.c.objc; name = LoginViewController.m; path = ../LoginViewController.m; sourceTree = "<group>"; };
		00CEE40F19943AFC00F40C12 /* SignUpViewController.h */ = {isa = PBXFileReference; fileEncoding = 4; lastKnownFileType = sourcecode.c.h; path = SignUpViewController.h; sourceTree = "<group>"; };
		00CEE41019943AFC00F40C12 /* SignUpViewController.m */ = {isa = PBXFileReference; fileEncoding = 4; lastKnownFileType = sourcecode.c.objc; path = SignUpViewController.m; sourceTree = "<group>"; };
		00CEE412199448E900F40C12 /* AddressBook.framework */ = {isa = PBXFileReference; lastKnownFileType = wrapper.framework; name = AddressBook.framework; path = System/Library/Frameworks/AddressBook.framework; sourceTree = SDKROOT; };
		00CEE414199448F000F40C12 /* AddressBookUI.framework */ = {isa = PBXFileReference; lastKnownFileType = wrapper.framework; name = AddressBookUI.framework; path = System/Library/Frameworks/AddressBookUI.framework; sourceTree = SDKROOT; };
		00CEE4161994490100F40C12 /* CFNetwork.framework */ = {isa = PBXFileReference; lastKnownFileType = wrapper.framework; name = CFNetwork.framework; path = System/Library/Frameworks/CFNetwork.framework; sourceTree = SDKROOT; };
		00CEE4181994490800F40C12 /* SystemConfiguration.framework */ = {isa = PBXFileReference; lastKnownFileType = wrapper.framework; name = SystemConfiguration.framework; path = System/Library/Frameworks/SystemConfiguration.framework; sourceTree = SDKROOT; };
		00CEE41A1994490E00F40C12 /* MobileCoreServices.framework */ = {isa = PBXFileReference; lastKnownFileType = wrapper.framework; name = MobileCoreServices.framework; path = System/Library/Frameworks/MobileCoreServices.framework; sourceTree = SDKROOT; };
		00CEE41C1994491400F40C12 /* AudioToolbox.framework */ = {isa = PBXFileReference; lastKnownFileType = wrapper.framework; name = AudioToolbox.framework; path = System/Library/Frameworks/AudioToolbox.framework; sourceTree = SDKROOT; };
		00CEE41E1994491A00F40C12 /* Security.framework */ = {isa = PBXFileReference; lastKnownFileType = wrapper.framework; name = Security.framework; path = System/Library/Frameworks/Security.framework; sourceTree = SDKROOT; };
		00CEE4201994492100F40C12 /* libz.1.1.3.dylib */ = {isa = PBXFileReference; lastKnownFileType = "compiled.mach-o.dylib"; name = libz.1.1.3.dylib; path = usr/lib/libz.1.1.3.dylib; sourceTree = SDKROOT; };
		00CEE4221994492700F40C12 /* QuartzCore.framework */ = {isa = PBXFileReference; lastKnownFileType = wrapper.framework; name = QuartzCore.framework; path = System/Library/Frameworks/QuartzCore.framework; sourceTree = SDKROOT; };
		00CEE4241994493500F40C12 /* StoreKit.framework */ = {isa = PBXFileReference; lastKnownFileType = wrapper.framework; name = StoreKit.framework; path = System/Library/Frameworks/StoreKit.framework; sourceTree = SDKROOT; };
		00CEE4261994493A00F40C12 /* CoreLocation.framework */ = {isa = PBXFileReference; lastKnownFileType = wrapper.framework; name = CoreLocation.framework; path = System/Library/Frameworks/CoreLocation.framework; sourceTree = SDKROOT; };
		28F13A511A6C75A90069EBA4 /* MapKit.framework */ = {isa = PBXFileReference; lastKnownFileType = wrapper.framework; name = MapKit.framework; path = System/Library/Frameworks/MapKit.framework; sourceTree = SDKROOT; };
		28F13A591A6C7F7B0069EBA4 /* MapViewController.h */ = {isa = PBXFileReference; fileEncoding = 4; lastKnownFileType = sourcecode.c.h; path = MapViewController.h; sourceTree = "<group>"; };
		28F13A5A1A6C7F7B0069EBA4 /* MapViewController.m */ = {isa = PBXFileReference; fileEncoding = 4; lastKnownFileType = sourcecode.c.objc; path = MapViewController.m; sourceTree = "<group>"; };
/* End PBXFileReference section */

/* Begin PBXFrameworksBuildPhase section */
		00CEE3CB199434E700F40C12 /* Frameworks */ = {
			isa = PBXFrameworksBuildPhase;
			buildActionMask = 2147483647;
			files = (
				28F13A521A6C75A90069EBA4 /* MapKit.framework in Frameworks */,
				00CEE3D8199434E700F40C12 /* CoreData.framework in Frameworks */,
				00CEE4271994493A00F40C12 /* CoreLocation.framework in Frameworks */,
				0060FE471A0ECB2C00525A50 /* ParseFacebookUtils.framework in Frameworks */,
				00CEE4251994493500F40C12 /* StoreKit.framework in Frameworks */,
				00CEE3D4199434E700F40C12 /* CoreGraphics.framework in Frameworks */,
				00CEE4231994492700F40C12 /* QuartzCore.framework in Frameworks */,
				00CEE4211994492100F40C12 /* libz.1.1.3.dylib in Frameworks */,
				0060FE461A0ECB2C00525A50 /* Parse.framework in Frameworks */,
				00CEE41F1994491A00F40C12 /* Security.framework in Frameworks */,
				00CEE41D1994491400F40C12 /* AudioToolbox.framework in Frameworks */,
				0060FE481A0ECB2C00525A50 /* ParseUI.framework in Frameworks */,
				00CEE41B1994490E00F40C12 /* MobileCoreServices.framework in Frameworks */,
				00CEE4191994490800F40C12 /* SystemConfiguration.framework in Frameworks */,
				00CEE4171994490100F40C12 /* CFNetwork.framework in Frameworks */,
				00CEE3D6199434E700F40C12 /* UIKit.framework in Frameworks */,
				00CEE3D2199434E700F40C12 /* Foundation.framework in Frameworks */,
				00CEE415199448F000F40C12 /* AddressBookUI.framework in Frameworks */,
				00CEE413199448E900F40C12 /* AddressBook.framework in Frameworks */,
				0060FE451A0ECB2C00525A50 /* Bolts.framework in Frameworks */,
			);
			runOnlyForDeploymentPostprocessing = 0;
		};
		00CEE3EB199434E700F40C12 /* Frameworks */ = {
			isa = PBXFrameworksBuildPhase;
			buildActionMask = 2147483647;
			files = (
				00CEE3F3199434E700F40C12 /* CoreData.framework in Frameworks */,
				00CEE3F2199434E700F40C12 /* UIKit.framework in Frameworks */,
				00CEE3F1199434E700F40C12 /* Foundation.framework in Frameworks */,
			);
			runOnlyForDeploymentPostprocessing = 0;
		};
/* End PBXFrameworksBuildPhase section */

/* Begin PBXGroup section */
		00296BC719EFA5BF003ADA30 /* Pod */ = {
			isa = PBXGroup;
			children = (
				00296BC819EFA5BF003ADA30 /* Core */,
				00296BD419EFA5BF003ADA30 /* Swift */,
			);
			path = Pod;
			sourceTree = "<group>";
		};
		00296BC819EFA5BF003ADA30 /* Core */ = {
			isa = PBXGroup;
			children = (
				00296BC919EFA5BF003ADA30 /* APAddress.h */,
				00296BCA19EFA5BF003ADA30 /* APAddress.m */,
				00296BCB19EFA5BF003ADA30 /* APAddressBook.h */,
				00296BCC19EFA5BF003ADA30 /* APAddressBook.m */,
				00296BCD19EFA5BF003ADA30 /* APContact.h */,
				00296BCE19EFA5BF003ADA30 /* APContact.m */,
				00296BCF19EFA5BF003ADA30 /* APPhoneWithLabel.h */,
				00296BD019EFA5BF003ADA30 /* APPhoneWithLabel.m */,
				00296BD119EFA5BF003ADA30 /* APSocialProfile.h */,
				00296BD219EFA5BF003ADA30 /* APSocialProfile.m */,
				00296BD319EFA5BF003ADA30 /* APTypes.h */,
				007BA3C11A6C9BE400BF08DE /* Podfile */,
			);
			path = Core;
			sourceTree = "<group>";
		};
		00296BD419EFA5BF003ADA30 /* Swift */ = {
			isa = PBXGroup;
			children = (
				00296BD519EFA5BF003ADA30 /* APAddressBook-Bridging.h */,
			);
			path = Swift;
			sourceTree = "<group>";
		};
		0060FE401A0ECB2C00525A50 /* parse-library-1 */ = {
			isa = PBXGroup;
			children = (
				0060FE411A0ECB2C00525A50 /* Bolts.framework */,
				0060FE421A0ECB2C00525A50 /* Parse.framework */,
				0060FE431A0ECB2C00525A50 /* ParseFacebookUtils.framework */,
				0060FE441A0ECB2C00525A50 /* ParseUI.framework */,
			);
			path = "parse-library-1";
			sourceTree = "<group>";
		};
		007BA3C31A6C9CE100BF08DE /* ios */ = {
			isa = PBXGroup;
			children = (
				007BA3C41A6C9CE100BF08DE /* FlatUIKit.h */,
				007BA3C51A6C9CE100BF08DE /* FUIAlertView.h */,
				007BA3C61A6C9CE100BF08DE /* FUIAlertView.m */,
				007BA3C71A6C9CE100BF08DE /* FUIButton.h */,
				007BA3C81A6C9CE100BF08DE /* FUIButton.m */,
				007BA3C91A6C9CE100BF08DE /* FUICellBackgroundView.h */,
				007BA3CA1A6C9CE100BF08DE /* FUICellBackgroundView.m */,
				007BA3CB1A6C9CE100BF08DE /* FUIPopoverBackgroundView.h */,
				007BA3CC1A6C9CE100BF08DE /* FUIPopoverBackgroundView.m */,
				007BA3CD1A6C9CE100BF08DE /* FUISegmentedControl.h */,
				007BA3CE1A6C9CE100BF08DE /* FUISegmentedControl.m */,
				007BA3CF1A6C9CE100BF08DE /* FUISwitch.h */,
				007BA3D01A6C9CE100BF08DE /* FUISwitch.m */,
				007BA3D11A6C9CE100BF08DE /* FUITextField.h */,
				007BA3D21A6C9CE100BF08DE /* FUITextField.m */,
				007BA3D31A6C9CE100BF08DE /* UIBarButtonItem+FlatUI.h */,
				007BA3D41A6C9CE100BF08DE /* UIBarButtonItem+FlatUI.m */,
				007BA3D51A6C9CE100BF08DE /* UIColor+FlatUI.h */,
				007BA3D61A6C9CE100BF08DE /* UIColor+FlatUI.m */,
				007BA3D71A6C9CE100BF08DE /* UIFont+FlatUI.h */,
				007BA3D81A6C9CE100BF08DE /* UIFont+FlatUI.m */,
				007BA3D91A6C9CE100BF08DE /* UIImage+FlatUI.h */,
				007BA3DA1A6C9CE100BF08DE /* UIImage+FlatUI.m */,
				007BA3DB1A6C9CE100BF08DE /* UINavigationBar+FlatUI.h */,
				007BA3DC1A6C9CE100BF08DE /* UINavigationBar+FlatUI.m */,
				007BA3DD1A6C9CE100BF08DE /* UIPopoverController+FlatUI.h */,
				007BA3DE1A6C9CE100BF08DE /* UIPopoverController+FlatUI.m */,
				007BA3DF1A6C9CE100BF08DE /* UIProgressView+FlatUI.h */,
				007BA3E01A6C9CE100BF08DE /* UIProgressView+FlatUI.m */,
				007BA3E11A6C9CE100BF08DE /* UISlider+FlatUI.h */,
				007BA3E21A6C9CE100BF08DE /* UISlider+FlatUI.m */,
				007BA3E31A6C9CE100BF08DE /* UIStepper+FlatUI.h */,
				007BA3E41A6C9CE100BF08DE /* UIStepper+FlatUI.m */,
				007BA3E51A6C9CE100BF08DE /* UITabBar+FlatUI.h */,
				007BA3E61A6C9CE100BF08DE /* UITabBar+FlatUI.m */,
				007BA3E71A6C9CE100BF08DE /* UITableViewCell+FlatUI.h */,
				007BA3E81A6C9CE100BF08DE /* UITableViewCell+FlatUI.m */,
				007BA3E91A6C9CE100BF08DE /* UIToolbar+FlatUI.h */,
				007BA3EA1A6C9CE100BF08DE /* UIToolbar+FlatUI.m */,
			);
			path = ios;
			sourceTree = "<group>";
		};
		007BA4041A6CDF7500BF08DE /* keyboard */ = {
			isa = PBXGroup;
			children = (
				007BA4051A6CDF7500BF08DE /* TPKeyboardAvoidingScrollView.h */,
				007BA4061A6CDF7500BF08DE /* TPKeyboardAvoidingScrollView.m */,
				007BA4071A6CDF7500BF08DE /* UIScrollView+TPKeyboardAvoidingAdditions.h */,
				007BA4081A6CDF7500BF08DE /* UIScrollView+TPKeyboardAvoidingAdditions.m */,
			);
			path = keyboard;
			sourceTree = "<group>";
		};
		0090ECC11A6C5322009DB11D /* Unused */ = {
			isa = PBXGroup;
			children = (
				0090ECC21A6C5322009DB11D /* FriendsTableViewController.h */,
				0090ECC31A6C5322009DB11D /* FriendsTableViewController.m */,
				0090ECC41A6C5322009DB11D /* SearchFriendsViewController.h */,
				0090ECC51A6C5322009DB11D /* SearchFriendsViewController.m */,
				0090ECC61A6C5322009DB11D /* SettingsViewController.h */,
				0090ECC71A6C5322009DB11D /* SettingsViewController.m */,
			);
			name = Unused;
			path = hobble.1.1/Unused;
			sourceTree = "<group>";
		};
		00CEE3C5199434E700F40C12 = {
			isa = PBXGroup;
			children = (
				0090ECC11A6C5322009DB11D /* Unused */,
				00CEE4061994350300F40C12 /* MainStoryboard.storyboard */,
				007BA4041A6CDF7500BF08DE /* keyboard */,
				0060FE401A0ECB2C00525A50 /* parse-library-1 */,
				00296BC719EFA5BF003ADA30 /* Pod */,
				00CEE3D9199434E700F40C12 /* hobble.1.1 */,
				00CEE3F6199434E700F40C12 /* hobble.1.1Tests */,
				00CEE3D0199434E700F40C12 /* Frameworks */,
				00CEE3CF199434E700F40C12 /* Products */,
			);
			sourceTree = "<group>";
		};
		00CEE3CF199434E700F40C12 /* Products */ = {
			isa = PBXGroup;
			children = (
				00CEE3CE199434E700F40C12 /* hobble.1.1.app */,
				00CEE3EE199434E700F40C12 /* hobble.1.1Tests.xctest */,
			);
			name = Products;
			sourceTree = "<group>";
		};
		00CEE3D0199434E700F40C12 /* Frameworks */ = {
			isa = PBXGroup;
			children = (
				28F13A511A6C75A90069EBA4 /* MapKit.framework */,
				00CEE4261994493A00F40C12 /* CoreLocation.framework */,
				00CEE4241994493500F40C12 /* StoreKit.framework */,
				00CEE4221994492700F40C12 /* QuartzCore.framework */,
				00CEE4201994492100F40C12 /* libz.1.1.3.dylib */,
				00CEE41E1994491A00F40C12 /* Security.framework */,
				00CEE41C1994491400F40C12 /* AudioToolbox.framework */,
				00CEE41A1994490E00F40C12 /* MobileCoreServices.framework */,
				00CEE4181994490800F40C12 /* SystemConfiguration.framework */,
				00CEE4161994490100F40C12 /* CFNetwork.framework */,
				00CEE414199448F000F40C12 /* AddressBookUI.framework */,
				00CEE412199448E900F40C12 /* AddressBook.framework */,
				00CEE3D1199434E700F40C12 /* Foundation.framework */,
				00CEE3D3199434E700F40C12 /* CoreGraphics.framework */,
				00CEE3D5199434E700F40C12 /* UIKit.framework */,
				00CEE3D7199434E700F40C12 /* CoreData.framework */,
			);
			name = Frameworks;
			sourceTree = "<group>";
		};
		00CEE3D9199434E700F40C12 /* hobble.1.1 */ = {
			isa = PBXGroup;
			children = (
				28F13A591A6C7F7B0069EBA4 /* MapViewController.h */,
				28F13A5A1A6C7F7B0069EBA4 /* MapViewController.m */,
				0090ECB11A6B6623009DB11D /* AddGroupsTableViewController.h */,
				0090ECB21A6B6623009DB11D /* AddGroupsTableViewController.m */,
				007BA4011A6CD56D00BF08DE /* GroupsPlusViewController.h */,
				007BA4021A6CD56D00BF08DE /* GroupsPlusViewController.m */,
				0090ECAE1A6B59CA009DB11D /* NewMessageViewController.h */,
				0090ECAF1A6B59CA009DB11D /* NewMessageViewController.m */,
				001196EF19A666C1002D2757 /* SearchGroupsViewController.h */,
				001196F019A666C1002D2757 /* SearchGroupsViewController.m */,
				001196E619A41D6C002D2757 /* CreateGroupViewController.h */,
				001196E719A41D6C002D2757 /* CreateGroupViewController.m */,
				00A9C30C1999838200F89967 /* GroupsTableViewController.h */,
				00A9C30D1999838200F89967 /* GroupsTableViewController.m */,
				0090ECB41A6BA251009DB11D /* Definitions.h */,
				0090ECB51A6BA251009DB11D /* Definitions.m */,
				00CEE40C199436D700F40C12 /* LoginViewController.h */,
				00CEE40D199436D700F40C12 /* LoginViewController.m */,
				00CEE40F19943AFC00F40C12 /* SignUpViewController.h */,
				00CEE41019943AFC00F40C12 /* SignUpViewController.m */,
				007BA3C31A6C9CE100BF08DE /* ios */,
				00CEE3E2199434E700F40C12 /* AppDelegate.h */,
				00CEE3E3199434E700F40C12 /* AppDelegate.m */,
				00CEE3E8199434E700F40C12 /* Images.xcassets */,
				00CEE3E5199434E700F40C12 /* hobble_1_1.xcdatamodeld */,
				00CEE3DA199434E700F40C12 /* Supporting Files */,
			);
			path = hobble.1.1;
			sourceTree = "<group>";
		};
		00CEE3DA199434E700F40C12 /* Supporting Files */ = {
			isa = PBXGroup;
			children = (
				00CEE3DB199434E700F40C12 /* hobble.1.1-Info.plist */,
				00CEE3DC199434E700F40C12 /* InfoPlist.strings */,
				00CEE3DF199434E700F40C12 /* main.m */,
				00CEE3E1199434E700F40C12 /* hobble.1.1-Prefix.pch */,
			);
			name = "Supporting Files";
			sourceTree = "<group>";
		};
		00CEE3F6199434E700F40C12 /* hobble.1.1Tests */ = {
			isa = PBXGroup;
			children = (
				00CEE3FC199434E700F40C12 /* hobble_1_1Tests.m */,
				00CEE3F7199434E700F40C12 /* Supporting Files */,
			);
			path = hobble.1.1Tests;
			sourceTree = "<group>";
		};
		00CEE3F7199434E700F40C12 /* Supporting Files */ = {
			isa = PBXGroup;
			children = (
				00CEE3F8199434E700F40C12 /* hobble.1.1Tests-Info.plist */,
				00CEE3F9199434E700F40C12 /* InfoPlist.strings */,
			);
			name = "Supporting Files";
			sourceTree = "<group>";
		};
/* End PBXGroup section */

/* Begin PBXNativeTarget section */
		00CEE3CD199434E700F40C12 /* hobble.1.1 */ = {
			isa = PBXNativeTarget;
			buildConfigurationList = 00CEE400199434E700F40C12 /* Build configuration list for PBXNativeTarget "hobble.1.1" */;
			buildPhases = (
				00CEE3CA199434E700F40C12 /* Sources */,
				00CEE3CB199434E700F40C12 /* Frameworks */,
				00CEE3CC199434E700F40C12 /* Resources */,
			);
			buildRules = (
			);
			dependencies = (
			);
			name = hobble.1.1;
			productName = hobble.1.1;
			productReference = 00CEE3CE199434E700F40C12 /* hobble.1.1.app */;
			productType = "com.apple.product-type.application";
		};
		00CEE3ED199434E700F40C12 /* hobble.1.1Tests */ = {
			isa = PBXNativeTarget;
			buildConfigurationList = 00CEE403199434E700F40C12 /* Build configuration list for PBXNativeTarget "hobble.1.1Tests" */;
			buildPhases = (
				00CEE3EA199434E700F40C12 /* Sources */,
				00CEE3EB199434E700F40C12 /* Frameworks */,
				00CEE3EC199434E700F40C12 /* Resources */,
			);
			buildRules = (
			);
			dependencies = (
				00CEE3F5199434E700F40C12 /* PBXTargetDependency */,
			);
			name = hobble.1.1Tests;
			productName = hobble.1.1Tests;
			productReference = 00CEE3EE199434E700F40C12 /* hobble.1.1Tests.xctest */;
			productType = "com.apple.product-type.bundle.unit-test";
		};
/* End PBXNativeTarget section */

/* Begin PBXProject section */
		00CEE3C6199434E700F40C12 /* Project object */ = {
			isa = PBXProject;
			attributes = {
				LastUpgradeCheck = 0610;
				ORGANIZATIONNAME = hobble;
				TargetAttributes = {
					00CEE3CD199434E700F40C12 = {
						SystemCapabilities = {
							com.apple.BackgroundModes = {
								enabled = 1;
							};
						};
					};
					00CEE3ED199434E700F40C12 = {
						TestTargetID = 00CEE3CD199434E700F40C12;
					};
				};
			};
			buildConfigurationList = 00CEE3C9199434E700F40C12 /* Build configuration list for PBXProject "hobble.1.1" */;
			compatibilityVersion = "Xcode 3.2";
			developmentRegion = English;
			hasScannedForEncodings = 0;
			knownRegions = (
				en,
				Base,
			);
			mainGroup = 00CEE3C5199434E700F40C12;
			productRefGroup = 00CEE3CF199434E700F40C12 /* Products */;
			projectDirPath = "";
			projectRoot = "";
			targets = (
				00CEE3CD199434E700F40C12 /* hobble.1.1 */,
				00CEE3ED199434E700F40C12 /* hobble.1.1Tests */,
			);
		};
/* End PBXProject section */

/* Begin PBXResourcesBuildPhase section */
		00CEE3CC199434E700F40C12 /* Resources */ = {
			isa = PBXResourcesBuildPhase;
			buildActionMask = 2147483647;
			files = (
				00CEE4071994350300F40C12 /* MainStoryboard.storyboard in Resources */,
				00CEE3DE199434E700F40C12 /* InfoPlist.strings in Resources */,
				007BA3C21A6C9BE400BF08DE /* Podfile in Resources */,
				00CEE3E9199434E700F40C12 /* Images.xcassets in Resources */,
			);
			runOnlyForDeploymentPostprocessing = 0;
		};
		00CEE3EC199434E700F40C12 /* Resources */ = {
			isa = PBXResourcesBuildPhase;
			buildActionMask = 2147483647;
			files = (
				00CEE3FB199434E700F40C12 /* InfoPlist.strings in Resources */,
			);
			runOnlyForDeploymentPostprocessing = 0;
		};
/* End PBXResourcesBuildPhase section */

/* Begin PBXSourcesBuildPhase section */
		00CEE3CA199434E700F40C12 /* Sources */ = {
			isa = PBXSourcesBuildPhase;
			buildActionMask = 2147483647;
			files = (
				001196E819A41D6C002D2757 /* CreateGroupViewController.m in Sources */,
				0090ECC81A6C5322009DB11D /* FriendsTableViewController.m in Sources */,
				0090ECC91A6C5322009DB11D /* SearchFriendsViewController.m in Sources */,
				00CEE40E199436D700F40C12 /* LoginViewController.m in Sources */,
				00CEE41119943AFC00F40C12 /* SignUpViewController.m in Sources */,
				00296BD819EFA5BF003ADA30 /* APContact.m in Sources */,
				007BA4091A6CDF7500BF08DE /* TPKeyboardAvoidingScrollView.m in Sources */,
				007BA3F81A6C9CE100BF08DE /* UIProgressView+FlatUI.m in Sources */,
				007BA3F61A6C9CE100BF08DE /* UINavigationBar+FlatUI.m in Sources */,
				00296BD919EFA5BF003ADA30 /* APPhoneWithLabel.m in Sources */,
				007BA3ED1A6C9CE100BF08DE /* FUICellBackgroundView.m in Sources */,
				28F13A5B1A6C7F7B0069EBA4 /* MapViewController.m in Sources */,
				007BA3FD1A6C9CE100BF08DE /* UIToolbar+FlatUI.m in Sources */,
				007BA3F11A6C9CE100BF08DE /* FUITextField.m in Sources */,
				00CEE3E4199434E700F40C12 /* AppDelegate.m in Sources */,
				00296BDA19EFA5BF003ADA30 /* APSocialProfile.m in Sources */,
				007BA3EC1A6C9CE100BF08DE /* FUIButton.m in Sources */,
				007BA4031A6CD56D00BF08DE /* GroupsPlusViewController.m in Sources */,
				00296BD619EFA5BF003ADA30 /* APAddress.m in Sources */,
				00A9C30E1999838200F89967 /* GroupsTableViewController.m in Sources */,
				007BA3F71A6C9CE100BF08DE /* UIPopoverController+FlatUI.m in Sources */,
				0090ECCA1A6C5322009DB11D /* SettingsViewController.m in Sources */,
				007BA3EF1A6C9CE100BF08DE /* FUISegmentedControl.m in Sources */,
				007BA3F21A6C9CE100BF08DE /* UIBarButtonItem+FlatUI.m in Sources */,
				007BA3F01A6C9CE100BF08DE /* FUISwitch.m in Sources */,
				007BA3EE1A6C9CE100BF08DE /* FUIPopoverBackgroundView.m in Sources */,
				0090ECB01A6B59CA009DB11D /* NewMessageViewController.m in Sources */,
				007BA3F91A6C9CE100BF08DE /* UISlider+FlatUI.m in Sources */,
				007BA3EB1A6C9CE100BF08DE /* FUIAlertView.m in Sources */,
				007BA3FC1A6C9CE100BF08DE /* UITableViewCell+FlatUI.m in Sources */,
				007BA3F31A6C9CE100BF08DE /* UIColor+FlatUI.m in Sources */,
				007BA40A1A6CDF7500BF08DE /* UIScrollView+TPKeyboardAvoidingAdditions.m in Sources */,
				0090ECB31A6B6624009DB11D /* AddGroupsTableViewController.m in Sources */,
				00CEE3E7199434E700F40C12 /* hobble_1_1.xcdatamodeld in Sources */,
				007BA3FB1A6C9CE100BF08DE /* UITabBar+FlatUI.m in Sources */,
				001196F119A666C1002D2757 /* SearchGroupsViewController.m in Sources */,
				00296BD719EFA5BF003ADA30 /* APAddressBook.m in Sources */,
				0090ECB61A6BA251009DB11D /* Definitions.m in Sources */,
				007BA3F51A6C9CE100BF08DE /* UIImage+FlatUI.m in Sources */,
				00CEE3E0199434E700F40C12 /* main.m in Sources */,
				007BA3FA1A6C9CE100BF08DE /* UIStepper+FlatUI.m in Sources */,
				007BA3F41A6C9CE100BF08DE /* UIFont+FlatUI.m in Sources */,
			);
			runOnlyForDeploymentPostprocessing = 0;
		};
		00CEE3EA199434E700F40C12 /* Sources */ = {
			isa = PBXSourcesBuildPhase;
			buildActionMask = 2147483647;
			files = (
				00CEE3FD199434E700F40C12 /* hobble_1_1Tests.m in Sources */,
			);
			runOnlyForDeploymentPostprocessing = 0;
		};
/* End PBXSourcesBuildPhase section */

/* Begin PBXTargetDependency section */
		00CEE3F5199434E700F40C12 /* PBXTargetDependency */ = {
			isa = PBXTargetDependency;
			target = 00CEE3CD199434E700F40C12 /* hobble.1.1 */;
			targetProxy = 00CEE3F4199434E700F40C12 /* PBXContainerItemProxy */;
		};
/* End PBXTargetDependency section */

/* Begin PBXVariantGroup section */
		00CEE3DC199434E700F40C12 /* InfoPlist.strings */ = {
			isa = PBXVariantGroup;
			children = (
				00CEE3DD199434E700F40C12 /* en */,
			);
			name = InfoPlist.strings;
			sourceTree = "<group>";
		};
		00CEE3F9199434E700F40C12 /* InfoPlist.strings */ = {
			isa = PBXVariantGroup;
			children = (
				00CEE3FA199434E700F40C12 /* en */,
			);
			name = InfoPlist.strings;
			sourceTree = "<group>";
		};
/* End PBXVariantGroup section */

/* Begin XCBuildConfiguration section */
		00CEE3FE199434E700F40C12 /* Debug */ = {
			isa = XCBuildConfiguration;
			buildSettings = {
				ALWAYS_SEARCH_USER_PATHS = NO;
				CLANG_CXX_LANGUAGE_STANDARD = "gnu++0x";
				CLANG_CXX_LIBRARY = "libc++";
				CLANG_ENABLE_MODULES = YES;
				CLANG_ENABLE_OBJC_ARC = YES;
				CLANG_WARN_BOOL_CONVERSION = YES;
				CLANG_WARN_CONSTANT_CONVERSION = YES;
				CLANG_WARN_DIRECT_OBJC_ISA_USAGE = YES_ERROR;
				CLANG_WARN_EMPTY_BODY = YES;
				CLANG_WARN_ENUM_CONVERSION = YES;
				CLANG_WARN_INT_CONVERSION = YES;
				CLANG_WARN_OBJC_ROOT_CLASS = YES_ERROR;
				CLANG_WARN__DUPLICATE_METHOD_MATCH = YES;
				CODE_SIGN_IDENTITY = "iPhone Developer: Craig Schmatz (D8M75W4XCX)";
				"CODE_SIGN_IDENTITY[sdk=iphoneos*]" = "iPhone Developer: Craig Schmatz (D8M75W4XCX)";
				COPY_PHASE_STRIP = NO;
				GCC_C_LANGUAGE_STANDARD = gnu99;
				GCC_DYNAMIC_NO_PIC = NO;
				GCC_OPTIMIZATION_LEVEL = 0;
				GCC_PREPROCESSOR_DEFINITIONS = (
					"DEBUG=1",
					"$(inherited)",
				);
				GCC_SYMBOLS_PRIVATE_EXTERN = NO;
				GCC_WARN_64_TO_32_BIT_CONVERSION = YES;
				GCC_WARN_ABOUT_RETURN_TYPE = YES_ERROR;
				GCC_WARN_UNDECLARED_SELECTOR = YES;
				GCC_WARN_UNINITIALIZED_AUTOS = YES_AGGRESSIVE;
				GCC_WARN_UNUSED_FUNCTION = YES;
				GCC_WARN_UNUSED_VARIABLE = YES;
				IPHONEOS_DEPLOYMENT_TARGET = 7.1;
				ONLY_ACTIVE_ARCH = YES;
				PROVISIONING_PROFILE = "51bcdcfd-1634-4679-8544-3eb12cb395ea";
				SDKROOT = iphoneos;
			};
			name = Debug;
		};
		00CEE3FF199434E700F40C12 /* Release */ = {
			isa = XCBuildConfiguration;
			buildSettings = {
				ALWAYS_SEARCH_USER_PATHS = NO;
				CLANG_CXX_LANGUAGE_STANDARD = "gnu++0x";
				CLANG_CXX_LIBRARY = "libc++";
				CLANG_ENABLE_MODULES = YES;
				CLANG_ENABLE_OBJC_ARC = YES;
				CLANG_WARN_BOOL_CONVERSION = YES;
				CLANG_WARN_CONSTANT_CONVERSION = YES;
				CLANG_WARN_DIRECT_OBJC_ISA_USAGE = YES_ERROR;
				CLANG_WARN_EMPTY_BODY = YES;
				CLANG_WARN_ENUM_CONVERSION = YES;
				CLANG_WARN_INT_CONVERSION = YES;
				CLANG_WARN_OBJC_ROOT_CLASS = YES_ERROR;
				CLANG_WARN__DUPLICATE_METHOD_MATCH = YES;
				CODE_SIGN_IDENTITY = "iPhone Developer: Craig Schmatz (D8M75W4XCX)";
				"CODE_SIGN_IDENTITY[sdk=iphoneos*]" = "iPhone Developer: Craig Schmatz (D8M75W4XCX)";
				COPY_PHASE_STRIP = YES;
				ENABLE_NS_ASSERTIONS = NO;
				GCC_C_LANGUAGE_STANDARD = gnu99;
				GCC_WARN_64_TO_32_BIT_CONVERSION = YES;
				GCC_WARN_ABOUT_RETURN_TYPE = YES_ERROR;
				GCC_WARN_UNDECLARED_SELECTOR = YES;
				GCC_WARN_UNINITIALIZED_AUTOS = YES_AGGRESSIVE;
				GCC_WARN_UNUSED_FUNCTION = YES;
				GCC_WARN_UNUSED_VARIABLE = YES;
				IPHONEOS_DEPLOYMENT_TARGET = 7.1;
				PROVISIONING_PROFILE = "51bcdcfd-1634-4679-8544-3eb12cb395ea";
				SDKROOT = iphoneos;
				VALIDATE_PRODUCT = YES;
			};
			name = Release;
		};
		00CEE401199434E700F40C12 /* Debug */ = {
			isa = XCBuildConfiguration;
			buildSettings = {
				ASSETCATALOG_COMPILER_APPICON_NAME = AppIcon;
				ASSETCATALOG_COMPILER_LAUNCHIMAGE_NAME = LaunchImage;
				CODE_SIGN_IDENTITY = "iPhone Developer: Craig Schmatz (D8M75W4XCX)";
				FRAMEWORK_SEARCH_PATHS = (
					"$(inherited)",
					"$(PROJECT_DIR)",
					"$(PROJECT_DIR)/parse-library-1",
				);
				GCC_PRECOMPILE_PREFIX_HEADER = YES;
				GCC_PREFIX_HEADER = "hobble.1.1/hobble.1.1-Prefix.pch";
				INFOPLIST_FILE = "hobble.1.1/hobble.1.1-Info.plist";
				IPHONEOS_DEPLOYMENT_TARGET = 8.1;
				PRODUCT_NAME = hobble.1.1;
				PROVISIONING_PROFILE = "9f526c98-419c-4bbd-82bb-a61d9123ffae";
				TARGETED_DEVICE_FAMILY = "1,2";
				WRAPPER_EXTENSION = app;
			};
			name = Debug;
		};
		00CEE402199434E700F40C12 /* Release */ = {
			isa = XCBuildConfiguration;
			buildSettings = {
				ASSETCATALOG_COMPILER_APPICON_NAME = AppIcon;
				ASSETCATALOG_COMPILER_LAUNCHIMAGE_NAME = LaunchImage;
				CODE_SIGN_IDENTITY = "iPhone Developer: Craig Schmatz (D8M75W4XCX)";
				FRAMEWORK_SEARCH_PATHS = (
					"$(inherited)",
					"$(PROJECT_DIR)",
					"$(PROJECT_DIR)/parse-library-1",
				);
				GCC_PRECOMPILE_PREFIX_HEADER = YES;
				GCC_PREFIX_HEADER = "hobble.1.1/hobble.1.1-Prefix.pch";
				INFOPLIST_FILE = "hobble.1.1/hobble.1.1-Info.plist";
				IPHONEOS_DEPLOYMENT_TARGET = 8.1;
				PRODUCT_NAME = hobble.1.1;
				PROVISIONING_PROFILE = "9f526c98-419c-4bbd-82bb-a61d9123ffae";
				TARGETED_DEVICE_FAMILY = "1,2";
				WRAPPER_EXTENSION = app;
			};
			name = Release;
		};
		00CEE404199434E700F40C12 /* Debug */ = {
			isa = XCBuildConfiguration;
			buildSettings = {
				BUNDLE_LOADER = "$(BUILT_PRODUCTS_DIR)/hobble.1.1.app/hobble.1.1";
				FRAMEWORK_SEARCH_PATHS = (
					"$(SDKROOT)/Developer/Library/Frameworks",
					"$(inherited)",
					"$(DEVELOPER_FRAMEWORKS_DIR)",
				);
				GCC_PRECOMPILE_PREFIX_HEADER = YES;
				GCC_PREFIX_HEADER = "hobble.1.1/hobble.1.1-Prefix.pch";
				GCC_PREPROCESSOR_DEFINITIONS = (
					"DEBUG=1",
					"$(inherited)",
				);
				INFOPLIST_FILE = "hobble.1.1Tests/hobble.1.1Tests-Info.plist";
				PRODUCT_NAME = hobble.1.1Tests;
				TEST_HOST = "$(BUNDLE_LOADER)";
				WRAPPER_EXTENSION = xctest;
			};
			name = Debug;
		};
		00CEE405199434E700F40C12 /* Release */ = {
			isa = XCBuildConfiguration;
			buildSettings = {
				BUNDLE_LOADER = "$(BUILT_PRODUCTS_DIR)/hobble.1.1.app/hobble.1.1";
				FRAMEWORK_SEARCH_PATHS = (
					"$(SDKROOT)/Developer/Library/Frameworks",
					"$(inherited)",
					"$(DEVELOPER_FRAMEWORKS_DIR)",
				);
				GCC_PRECOMPILE_PREFIX_HEADER = YES;
				GCC_PREFIX_HEADER = "hobble.1.1/hobble.1.1-Prefix.pch";
				INFOPLIST_FILE = "hobble.1.1Tests/hobble.1.1Tests-Info.plist";
				PRODUCT_NAME = hobble.1.1Tests;
				TEST_HOST = "$(BUNDLE_LOADER)";
				WRAPPER_EXTENSION = xctest;
			};
			name = Release;
		};
/* End XCBuildConfiguration section */

/* Begin XCConfigurationList section */
		00CEE3C9199434E700F40C12 /* Build configuration list for PBXProject "hobble.1.1" */ = {
			isa = XCConfigurationList;
			buildConfigurations = (
				00CEE3FE199434E700F40C12 /* Debug */,
				00CEE3FF199434E700F40C12 /* Release */,
			);
			defaultConfigurationIsVisible = 0;
			defaultConfigurationName = Release;
		};
		00CEE400199434E700F40C12 /* Build configuration list for PBXNativeTarget "hobble.1.1" */ = {
			isa = XCConfigurationList;
			buildConfigurations = (
				00CEE401199434E700F40C12 /* Debug */,
				00CEE402199434E700F40C12 /* Release */,
			);
			defaultConfigurationIsVisible = 0;
			defaultConfigurationName = Release;
		};
		00CEE403199434E700F40C12 /* Build configuration list for PBXNativeTarget "hobble.1.1Tests" */ = {
			isa = XCConfigurationList;
			buildConfigurations = (
				00CEE404199434E700F40C12 /* Debug */,
				00CEE405199434E700F40C12 /* Release */,
			);
			defaultConfigurationIsVisible = 0;
			defaultConfigurationName = Release;
		};
/* End XCConfigurationList section */

/* Begin XCVersionGroup section */
		00CEE3E5199434E700F40C12 /* hobble_1_1.xcdatamodeld */ = {
			isa = XCVersionGroup;
			children = (
				00CEE3E6199434E700F40C12 /* hobble_1_1.xcdatamodel */,
			);
			currentVersion = 00CEE3E6199434E700F40C12 /* hobble_1_1.xcdatamodel */;
			path = hobble_1_1.xcdatamodeld;
			sourceTree = "<group>";
			versionGroupType = wrapper.xcdatamodel;
		};
/* End XCVersionGroup section */
	};
	rootObject = 00CEE3C6199434E700F40C12 /* Project object */;
}
